# This file was autogenerated by Stack.
# You should not edit this file by hand.
# For more information, please see the documentation at:
#   https://docs.haskellstack.org/en/stable/lock_files

packages:
- completed:
    hackage: capability-0.2.0.0@sha256:7049527e0bede44f8aeabdd0f41c50ec78da5835796e6a477615502665127a62,2424
    pantry-tree:
      size: 1700
      sha256: 4fd1bb99e96335ff8ee0d1562c4bdcba8acfe6db6ddecfaa55dfdd549f7f542b
  original:
    hackage: capability-0.2.0.0
- completed:
    cabal-file:
      size: 2990
      sha256: 70d0d54f7374d19503ea95f0e22e324b51bc4ce9d0c67ae1dbe57358975d81f9
    name: nominal
    version: 0.2.0.0
    git: https://github.com/anchpop/Nominal.git
    pantry-tree:
      size: 1272
      sha256: ce390ce972e8df445d0f0d383bfa043b73840c9ac817b066bfa0fd3ed1ee43dc
    commit: 7cc5ff870b43b431232cb9666779d2e89622f3af
  original:
    git: https://github.com/anchpop/Nominal.git
    commit: 7cc5ff870b43b431232cb9666779d2e89622f3af
snapshots:
- completed:
    size: 523700
    url: https://raw.githubusercontent.com/commercialhaskell/stackage-snapshots/master/lts/14/7.yaml
    sha256: 8e3f3c894be74d71fa4bf085e0a8baae7e4d7622d07ea31a52736b80f8b9bb1a
  original: lts-14.7
