# This file was autogenerated by Stack.
# You should not edit this file by hand.
# For more information, please see the documentation at:
#   https://docs.haskellstack.org/en/stable/lock_files

packages:
- completed:
    hackage: optics-0.2@sha256:813ef6cc4d2e2b5ee00435831031f38917ba01d1e56dcb62dc18cd0315a9ccb7,6296
    pantry-tree:
      size: 1003
      sha256: 8a74dbcd983fcc96b7b6c5c9fc6da7240dd2e5bdab7caa4927b8287a4cbe5c0f
  original:
    hackage: optics-0.2@sha256:813ef6cc4d2e2b5ee00435831031f38917ba01d1e56dcb62dc18cd0315a9ccb7,6296
- completed:
    hackage: optics-th-0.2@sha256:b4f6c5a3f134c697837190ed6da969dd284aefe79e43c3ef793093b607bb83b9,1929
    pantry-tree:
      size: 653
      sha256: f6b5caed956d3761b35769ac518d3f0f407449dafe33154992386f02d9489bad
  original:
    hackage: optics-th-0.2@sha256:b4f6c5a3f134c697837190ed6da969dd284aefe79e43c3ef793093b607bb83b9,1929
- completed:
    cabal-file:
      size: 2990
      sha256: 70d0d54f7374d19503ea95f0e22e324b51bc4ce9d0c67ae1dbe57358975d81f9
    name: nominal
    version: 0.2.0.0
    git: https://github.com/anchpop/Nominal.git
    pantry-tree:
      size: 1272
      sha256: ce390ce972e8df445d0f0d383bfa043b73840c9ac817b066bfa0fd3ed1ee43dc
    commit: 7cc5ff870b43b431232cb9666779d2e89622f3af
  original:
    git: https://github.com/anchpop/Nominal.git
    commit: 7cc5ff870b43b431232cb9666779d2e89622f3af
snapshots:
- completed:
    size: 414284
    url: https://raw.githubusercontent.com/commercialhaskell/stackage-snapshots/master/nightly/2019/11/7.yaml
    sha256: 83a39c911b888c1ad92d854d6d43fdca2ece0574739634680762a9f315ff7630
  original: nightly-2019-11-07
