# This file was autogenerated by Stack.
# You should not edit this file by hand.
# For more information, please see the documentation at:
#   https://docs.haskellstack.org/en/stable/lock_files

packages:
- completed:
    hackage: capability-0.2.0.0@sha256:7049527e0bede44f8aeabdd0f41c50ec78da5835796e6a477615502665127a62,2424
    pantry-tree:
      size: 1700
      sha256: 4fd1bb99e96335ff8ee0d1562c4bdcba8acfe6db6ddecfaa55dfdd549f7f542b
  original:
    hackage: capability-0.2.0.0
- completed:
    hackage: nominal-0.2.0.0@sha256:1d6153134ecfe386c255d1da6466c5fa3e635d5db435d6c69d21643a6c65a27a,2896
    pantry-tree:
      size: 1114
      sha256: 0dfcf035435fa1462d66594f8ed439f97bbddac450b6ed76cf657a7f5ced26a4
  original:
    hackage: nominal-0.2.0.0@sha256:1d6153134ecfe386c255d1da6466c5fa3e635d5db435d6c69d21643a6c65a27a
snapshots:
- completed:
    size: 523700
    url: https://raw.githubusercontent.com/commercialhaskell/stackage-snapshots/master/lts/14/7.yaml
    sha256: 8e3f3c894be74d71fa4bf085e0a8baae7e4d7622d07ea31a52736b80f8b9bb1a
  original: lts-14.7
